// !$*UTF8*$!
{
	archiveVersion = 1;
	classes = {
	};
	objectVersion = 50;
	objects = {

/* Begin PBXBuildFile section */
		0D09D0E9B46BB6D728C9CC59 /* Pods_Motion2Movement.framework in Frameworks */ = {isa = PBXBuildFile; fileRef = 313FDD2FBC1538BA1D17D9C6 /* Pods_Motion2Movement.framework */; };
		7C867B41F0E8EA77CD7D63C9 /* Pods_Motion2MovementUITests.framework in Frameworks */ = {isa = PBXBuildFile; fileRef = 5FD8CFD082DC7F7F21985DD0 /* Pods_Motion2MovementUITests.framework */; };
		9E1B510E20D1F8500039D7E3 /* ExerciseGuideTableViewController.swift in Sources */ = {isa = PBXBuildFile; fileRef = 9E1B510D20D1F8500039D7E3 /* ExerciseGuideTableViewController.swift */; };
		9E1B511220D1F8E50039D7E3 /* ExerciseGuideTableViewCell.swift in Sources */ = {isa = PBXBuildFile; fileRef = 9E1B511020D1F8E50039D7E3 /* ExerciseGuideTableViewCell.swift */; };
		9E1B511320D1F8E50039D7E3 /* ExerciseGuideTableViewCell.xib in Resources */ = {isa = PBXBuildFile; fileRef = 9E1B511120D1F8E50039D7E3 /* ExerciseGuideTableViewCell.xib */; };
		9E1B511520D1FEDC0039D7E3 /* ExerciseGuidePatientViewModel.swift in Sources */ = {isa = PBXBuildFile; fileRef = 9E1B511420D1FEDC0039D7E3 /* ExerciseGuidePatientViewModel.swift */; };
		9E1B511820D1FF050039D7E3 /* ViewModelProtocols.swift in Sources */ = {isa = PBXBuildFile; fileRef = 9E1B511720D1FF050039D7E3 /* ViewModelProtocols.swift */; };
		9EB51CD720CF149800271C69 /* SWRevealViewController.m in Sources */ = {isa = PBXBuildFile; fileRef = 9EB51CD620CF149800271C69 /* SWRevealViewController.m */; };
		9EB51CD920CF1BA400271C69 /* HomeViewController.swift in Sources */ = {isa = PBXBuildFile; fileRef = 9EB51CD820CF1BA400271C69 /* HomeViewController.swift */; };
		9EFD62D7209E6522005AEEE4 /* AppDelegate.swift in Sources */ = {isa = PBXBuildFile; fileRef = 9EFD62D6209E6522005AEEE4 /* AppDelegate.swift */; };
		9EFD62DC209E6522005AEEE4 /* Main.storyboard in Resources */ = {isa = PBXBuildFile; fileRef = 9EFD62DA209E6522005AEEE4 /* Main.storyboard */; };
		9EFD62DE209E6523005AEEE4 /* Assets.xcassets in Resources */ = {isa = PBXBuildFile; fileRef = 9EFD62DD209E6523005AEEE4 /* Assets.xcassets */; };
		9EFD62E1209E6523005AEEE4 /* LaunchScreen.storyboard in Resources */ = {isa = PBXBuildFile; fileRef = 9EFD62DF209E6523005AEEE4 /* LaunchScreen.storyboard */; };
		9EFD62EC209E6523005AEEE4 /* Motion2MovementTests.swift in Sources */ = {isa = PBXBuildFile; fileRef = 9EFD62EB209E6523005AEEE4 /* Motion2MovementTests.swift */; };
		9EFD62F7209E6523005AEEE4 /* Motion2MovementUITests.swift in Sources */ = {isa = PBXBuildFile; fileRef = 9EFD62F6209E6523005AEEE4 /* Motion2MovementUITests.swift */; };
		F3039FECDD65C3A123E66AAC /* Pods_Motion2MovementTests.framework in Frameworks */ = {isa = PBXBuildFile; fileRef = 71EC68EE4219F9DCDDCA6820 /* Pods_Motion2MovementTests.framework */; };
/* End PBXBuildFile section */

/* Begin PBXContainerItemProxy section */
		9EFD62E8209E6523005AEEE4 /* PBXContainerItemProxy */ = {
			isa = PBXContainerItemProxy;
			containerPortal = 9EFD62CB209E6522005AEEE4 /* Project object */;
			proxyType = 1;
			remoteGlobalIDString = 9EFD62D2209E6522005AEEE4;
			remoteInfo = Motion2Movement;
		};
		9EFD62F3209E6523005AEEE4 /* PBXContainerItemProxy */ = {
			isa = PBXContainerItemProxy;
			containerPortal = 9EFD62CB209E6522005AEEE4 /* Project object */;
			proxyType = 1;
			remoteGlobalIDString = 9EFD62D2209E6522005AEEE4;
			remoteInfo = Motion2Movement;
		};
/* End PBXContainerItemProxy section */

/* Begin PBXFileReference section */
		13F7EBFB938B524CCB4F131A /* Pods-Motion2MovementUITests.release.xcconfig */ = {isa = PBXFileReference; includeInIndex = 1; lastKnownFileType = text.xcconfig; name = "Pods-Motion2MovementUITests.release.xcconfig"; path = "Pods/Target Support Files/Pods-Motion2MovementUITests/Pods-Motion2MovementUITests.release.xcconfig"; sourceTree = "<group>"; };
		1D285C836D9F6EA89385CB56 /* Pods-Motion2MovementTests.release.xcconfig */ = {isa = PBXFileReference; includeInIndex = 1; lastKnownFileType = text.xcconfig; name = "Pods-Motion2MovementTests.release.xcconfig"; path = "Pods/Target Support Files/Pods-Motion2MovementTests/Pods-Motion2MovementTests.release.xcconfig"; sourceTree = "<group>"; };
		313FDD2FBC1538BA1D17D9C6 /* Pods_Motion2Movement.framework */ = {isa = PBXFileReference; explicitFileType = wrapper.framework; includeInIndex = 0; path = Pods_Motion2Movement.framework; sourceTree = BUILT_PRODUCTS_DIR; };
		5BB48E3443D35DEA6A67894B /* Pods-Motion2Movement.debug.xcconfig */ = {isa = PBXFileReference; includeInIndex = 1; lastKnownFileType = text.xcconfig; name = "Pods-Motion2Movement.debug.xcconfig"; path = "Pods/Target Support Files/Pods-Motion2Movement/Pods-Motion2Movement.debug.xcconfig"; sourceTree = "<group>"; };
		5FD8CFD082DC7F7F21985DD0 /* Pods_Motion2MovementUITests.framework */ = {isa = PBXFileReference; explicitFileType = wrapper.framework; includeInIndex = 0; path = Pods_Motion2MovementUITests.framework; sourceTree = BUILT_PRODUCTS_DIR; };
		61A4597A04361864B79930AD /* Pods-Motion2MovementTests.debug.xcconfig */ = {isa = PBXFileReference; includeInIndex = 1; lastKnownFileType = text.xcconfig; name = "Pods-Motion2MovementTests.debug.xcconfig"; path = "Pods/Target Support Files/Pods-Motion2MovementTests/Pods-Motion2MovementTests.debug.xcconfig"; sourceTree = "<group>"; };
		66F7D83D1E0BB288BD1A94A9 /* Pods-Motion2Movement.release.xcconfig */ = {isa = PBXFileReference; includeInIndex = 1; lastKnownFileType = text.xcconfig; name = "Pods-Motion2Movement.release.xcconfig"; path = "Pods/Target Support Files/Pods-Motion2Movement/Pods-Motion2Movement.release.xcconfig"; sourceTree = "<group>"; };
		71EC68EE4219F9DCDDCA6820 /* Pods_Motion2MovementTests.framework */ = {isa = PBXFileReference; explicitFileType = wrapper.framework; includeInIndex = 0; path = Pods_Motion2MovementTests.framework; sourceTree = BUILT_PRODUCTS_DIR; };
		982F5803DE91CAEFB3ECE770 /* Pods-Motion2MovementUITests.debug.xcconfig */ = {isa = PBXFileReference; includeInIndex = 1; lastKnownFileType = text.xcconfig; name = "Pods-Motion2MovementUITests.debug.xcconfig"; path = "Pods/Target Support Files/Pods-Motion2MovementUITests/Pods-Motion2MovementUITests.debug.xcconfig"; sourceTree = "<group>"; };
		9E1B510D20D1F8500039D7E3 /* ExerciseGuideTableViewController.swift */ = {isa = PBXFileReference; lastKnownFileType = sourcecode.swift; path = ExerciseGuideTableViewController.swift; sourceTree = "<group>"; };
		9E1B511020D1F8E50039D7E3 /* ExerciseGuideTableViewCell.swift */ = {isa = PBXFileReference; lastKnownFileType = sourcecode.swift; path = ExerciseGuideTableViewCell.swift; sourceTree = "<group>"; };
		9E1B511120D1F8E50039D7E3 /* ExerciseGuideTableViewCell.xib */ = {isa = PBXFileReference; lastKnownFileType = file.xib; path = ExerciseGuideTableViewCell.xib; sourceTree = "<group>"; };
		9E1B511420D1FEDC0039D7E3 /* ExerciseGuidePatientViewModel.swift */ = {isa = PBXFileReference; lastKnownFileType = sourcecode.swift; path = ExerciseGuidePatientViewModel.swift; sourceTree = "<group>"; };
		9E1B511720D1FF050039D7E3 /* ViewModelProtocols.swift */ = {isa = PBXFileReference; lastKnownFileType = sourcecode.swift; path = ViewModelProtocols.swift; sourceTree = "<group>"; };
		9EB51CD420CF149800271C69 /* Motion2Movement-Bridging-Header.h */ = {isa = PBXFileReference; lastKnownFileType = sourcecode.c.h; path = "Motion2Movement-Bridging-Header.h"; sourceTree = "<group>"; };
		9EB51CD520CF149800271C69 /* SWRevealViewController.h */ = {isa = PBXFileReference; fileEncoding = 4; lastKnownFileType = sourcecode.c.h; path = SWRevealViewController.h; sourceTree = "<group>"; };
		9EB51CD620CF149800271C69 /* SWRevealViewController.m */ = {isa = PBXFileReference; fileEncoding = 4; lastKnownFileType = sourcecode.c.objc; path = SWRevealViewController.m; sourceTree = "<group>"; };
		9EB51CD820CF1BA400271C69 /* HomeViewController.swift */ = {isa = PBXFileReference; lastKnownFileType = sourcecode.swift; path = HomeViewController.swift; sourceTree = "<group>"; };
		9EFD62D3209E6522005AEEE4 /* Motion2Movement.app */ = {isa = PBXFileReference; explicitFileType = wrapper.application; includeInIndex = 0; path = Motion2Movement.app; sourceTree = BUILT_PRODUCTS_DIR; };
		9EFD62D6209E6522005AEEE4 /* AppDelegate.swift */ = {isa = PBXFileReference; lastKnownFileType = sourcecode.swift; path = AppDelegate.swift; sourceTree = "<group>"; };
		9EFD62DB209E6522005AEEE4 /* Base */ = {isa = PBXFileReference; lastKnownFileType = file.storyboard; name = Base; path = Base.lproj/Main.storyboard; sourceTree = "<group>"; };
		9EFD62DD209E6523005AEEE4 /* Assets.xcassets */ = {isa = PBXFileReference; lastKnownFileType = folder.assetcatalog; path = Assets.xcassets; sourceTree = "<group>"; };
		9EFD62E0209E6523005AEEE4 /* Base */ = {isa = PBXFileReference; lastKnownFileType = file.storyboard; name = Base; path = Base.lproj/LaunchScreen.storyboard; sourceTree = "<group>"; };
		9EFD62E2209E6523005AEEE4 /* Info.plist */ = {isa = PBXFileReference; lastKnownFileType = text.plist.xml; path = Info.plist; sourceTree = "<group>"; };
		9EFD62E7209E6523005AEEE4 /* Motion2MovementTests.xctest */ = {isa = PBXFileReference; explicitFileType = wrapper.cfbundle; includeInIndex = 0; path = Motion2MovementTests.xctest; sourceTree = BUILT_PRODUCTS_DIR; };
		9EFD62EB209E6523005AEEE4 /* Motion2MovementTests.swift */ = {isa = PBXFileReference; lastKnownFileType = sourcecode.swift; path = Motion2MovementTests.swift; sourceTree = "<group>"; };
		9EFD62ED209E6523005AEEE4 /* Info.plist */ = {isa = PBXFileReference; lastKnownFileType = text.plist.xml; path = Info.plist; sourceTree = "<group>"; };
		9EFD62F2209E6523005AEEE4 /* Motion2MovementUITests.xctest */ = {isa = PBXFileReference; explicitFileType = wrapper.cfbundle; includeInIndex = 0; path = Motion2MovementUITests.xctest; sourceTree = BUILT_PRODUCTS_DIR; };
		9EFD62F6209E6523005AEEE4 /* Motion2MovementUITests.swift */ = {isa = PBXFileReference; lastKnownFileType = sourcecode.swift; path = Motion2MovementUITests.swift; sourceTree = "<group>"; };
		9EFD62F8209E6523005AEEE4 /* Info.plist */ = {isa = PBXFileReference; lastKnownFileType = text.plist.xml; path = Info.plist; sourceTree = "<group>"; };
/* End PBXFileReference section */

/* Begin PBXFrameworksBuildPhase section */
		9EFD62D0209E6522005AEEE4 /* Frameworks */ = {
			isa = PBXFrameworksBuildPhase;
			buildActionMask = 2147483647;
			files = (
				0D09D0E9B46BB6D728C9CC59 /* Pods_Motion2Movement.framework in Frameworks */,
			);
			runOnlyForDeploymentPostprocessing = 0;
		};
		9EFD62E4209E6523005AEEE4 /* Frameworks */ = {
			isa = PBXFrameworksBuildPhase;
			buildActionMask = 2147483647;
			files = (
				F3039FECDD65C3A123E66AAC /* Pods_Motion2MovementTests.framework in Frameworks */,
			);
			runOnlyForDeploymentPostprocessing = 0;
		};
		9EFD62EF209E6523005AEEE4 /* Frameworks */ = {
			isa = PBXFrameworksBuildPhase;
			buildActionMask = 2147483647;
			files = (
				7C867B41F0E8EA77CD7D63C9 /* Pods_Motion2MovementUITests.framework in Frameworks */,
			);
			runOnlyForDeploymentPostprocessing = 0;
		};
/* End PBXFrameworksBuildPhase section */

/* Begin PBXGroup section */
		04D0F6DC0297CA2F698B6990 /* Frameworks */ = {
			isa = PBXGroup;
			children = (
				313FDD2FBC1538BA1D17D9C6 /* Pods_Motion2Movement.framework */,
				71EC68EE4219F9DCDDCA6820 /* Pods_Motion2MovementTests.framework */,
				5FD8CFD082DC7F7F21985DD0 /* Pods_Motion2MovementUITests.framework */,
			);
			name = Frameworks;
			sourceTree = "<group>";
		};
		9E1B510F20D1F8C00039D7E3 /* Views */ = {
			isa = PBXGroup;
			children = (
				9E1B511020D1F8E50039D7E3 /* ExerciseGuideTableViewCell.swift */,
				9E1B511120D1F8E50039D7E3 /* ExerciseGuideTableViewCell.xib */,
			);
			path = Views;
			sourceTree = "<group>";
		};
		9E1B511620D1FEE80039D7E3 /* Protocols and Extensions */ = {
			isa = PBXGroup;
			children = (
				9E1B511720D1FF050039D7E3 /* ViewModelProtocols.swift */,
			);
			path = "Protocols and Extensions";
			sourceTree = "<group>";
		};
		9E1B511920D1FFFB0039D7E3 /* Models */ = {
			isa = PBXGroup;
			children = (
			);
			path = Models;
			sourceTree = "<group>";
		};
		9EAF6C36209E66F300A35850 /* Supporting Files */ = {
			isa = PBXGroup;
			children = (
				9EFD62D6209E6522005AEEE4 /* AppDelegate.swift */,
				9EFD62E2209E6523005AEEE4 /* Info.plist */,
				9EFD62DD209E6523005AEEE4 /* Assets.xcassets */,
			);
			path = "Supporting Files";
			sourceTree = "<group>";
		};
		9EAF6C37209E670500A35850 /* Storyboards */ = {
			isa = PBXGroup;
			children = (
				9EFD62DA209E6522005AEEE4 /* Main.storyboard */,
				9EFD62DF209E6523005AEEE4 /* LaunchScreen.storyboard */,
			);
			path = Storyboards;
			sourceTree = "<group>";
		};
		9EAF6C38209E671300A35850 /* View Controllers */ = {
			isa = PBXGroup;
			children = (
				9EB51CD820CF1BA400271C69 /* HomeViewController.swift */,
				9E1B510D20D1F8500039D7E3 /* ExerciseGuideTableViewController.swift */,
			);
			path = "View Controllers";
			sourceTree = "<group>";
		};
		9EAF6C39209E671D00A35850 /* View Models */ = {
			isa = PBXGroup;
			children = (
				9E1B511420D1FEDC0039D7E3 /* ExerciseGuidePatientViewModel.swift */,
			);
			path = "View Models";
			sourceTree = "<group>";
		};
		9EB51CD320CF147800271C69 /* SWRevealViewController */ = {
			isa = PBXGroup;
			children = (
				9EB51CD520CF149800271C69 /* SWRevealViewController.h */,
				9EB51CD620CF149800271C69 /* SWRevealViewController.m */,
				9EB51CD420CF149800271C69 /* Motion2Movement-Bridging-Header.h */,
			);
			path = SWRevealViewController;
			sourceTree = "<group>";
		};
		9EFD62CA209E6522005AEEE4 = {
			isa = PBXGroup;
			children = (
				9EFD62D5209E6522005AEEE4 /* Motion2Movement */,
				9EFD62EA209E6523005AEEE4 /* Motion2MovementTests */,
				9EFD62F5209E6523005AEEE4 /* Motion2MovementUITests */,
				9EFD62D4209E6522005AEEE4 /* Products */,
				CE477B17F05F2F1AAEC2B177 /* Pods */,
				04D0F6DC0297CA2F698B6990 /* Frameworks */,
			);
			sourceTree = "<group>";
		};
		9EFD62D4209E6522005AEEE4 /* Products */ = {
			isa = PBXGroup;
			children = (
				9EFD62D3209E6522005AEEE4 /* Motion2Movement.app */,
				9EFD62E7209E6523005AEEE4 /* Motion2MovementTests.xctest */,
				9EFD62F2209E6523005AEEE4 /* Motion2MovementUITests.xctest */,
			);
			name = Products;
			sourceTree = "<group>";
		};
		9EFD62D5209E6522005AEEE4 /* Motion2Movement */ = {
			isa = PBXGroup;
			children = (
				9E1B511920D1FFFB0039D7E3 /* Models */,
				9E1B511620D1FEE80039D7E3 /* Protocols and Extensions */,
				9EAF6C37209E670500A35850 /* Storyboards */,
				9EAF6C36209E66F300A35850 /* Supporting Files */,
				9EB51CD320CF147800271C69 /* SWRevealViewController */,
				9EAF6C38209E671300A35850 /* View Controllers */,
				9EAF6C39209E671D00A35850 /* View Models */,
				9E1B510F20D1F8C00039D7E3 /* Views */,
			);
			path = Motion2Movement;
			sourceTree = "<group>";
		};
		9EFD62EA209E6523005AEEE4 /* Motion2MovementTests */ = {
			isa = PBXGroup;
			children = (
				9EFD62EB209E6523005AEEE4 /* Motion2MovementTests.swift */,
				9EFD62ED209E6523005AEEE4 /* Info.plist */,
			);
			path = Motion2MovementTests;
			sourceTree = "<group>";
		};
		9EFD62F5209E6523005AEEE4 /* Motion2MovementUITests */ = {
			isa = PBXGroup;
			children = (
				9EFD62F6209E6523005AEEE4 /* Motion2MovementUITests.swift */,
				9EFD62F8209E6523005AEEE4 /* Info.plist */,
			);
			path = Motion2MovementUITests;
			sourceTree = "<group>";
		};
		CE477B17F05F2F1AAEC2B177 /* Pods */ = {
			isa = PBXGroup;
			children = (
				5BB48E3443D35DEA6A67894B /* Pods-Motion2Movement.debug.xcconfig */,
				66F7D83D1E0BB288BD1A94A9 /* Pods-Motion2Movement.release.xcconfig */,
				61A4597A04361864B79930AD /* Pods-Motion2MovementTests.debug.xcconfig */,
				1D285C836D9F6EA89385CB56 /* Pods-Motion2MovementTests.release.xcconfig */,
				982F5803DE91CAEFB3ECE770 /* Pods-Motion2MovementUITests.debug.xcconfig */,
				13F7EBFB938B524CCB4F131A /* Pods-Motion2MovementUITests.release.xcconfig */,
			);
			name = Pods;
			sourceTree = "<group>";
		};
/* End PBXGroup section */

/* Begin PBXNativeTarget section */
		9EFD62D2209E6522005AEEE4 /* Motion2Movement */ = {
			isa = PBXNativeTarget;
			buildConfigurationList = 9EFD62FB209E6523005AEEE4 /* Build configuration list for PBXNativeTarget "Motion2Movement" */;
			buildPhases = (
				AC018366CB30C5BBF78E329B /* [CP] Check Pods Manifest.lock */,
				9EFD62CF209E6522005AEEE4 /* Sources */,
				9EFD62D0209E6522005AEEE4 /* Frameworks */,
				9EFD62D1209E6522005AEEE4 /* Resources */,
				77B7EF1C0BA4961B7EE5E461 /* [CP] Embed Pods Frameworks */,
			);
			buildRules = (
			);
			dependencies = (
			);
			name = Motion2Movement;
			productName = Motion2Movement;
			productReference = 9EFD62D3209E6522005AEEE4 /* Motion2Movement.app */;
			productType = "com.apple.product-type.application";
		};
		9EFD62E6209E6523005AEEE4 /* Motion2MovementTests */ = {
			isa = PBXNativeTarget;
			buildConfigurationList = 9EFD62FE209E6523005AEEE4 /* Build configuration list for PBXNativeTarget "Motion2MovementTests" */;
			buildPhases = (
				6C28465229C3023CA7B0DCE7 /* [CP] Check Pods Manifest.lock */,
				9EFD62E3209E6523005AEEE4 /* Sources */,
				9EFD62E4209E6523005AEEE4 /* Frameworks */,
				9EFD62E5209E6523005AEEE4 /* Resources */,
				4D37BEF14F02D946B44B6687 /* [CP] Embed Pods Frameworks */,
			);
			buildRules = (
			);
			dependencies = (
				9EFD62E9209E6523005AEEE4 /* PBXTargetDependency */,
			);
			name = Motion2MovementTests;
			productName = Motion2MovementTests;
			productReference = 9EFD62E7209E6523005AEEE4 /* Motion2MovementTests.xctest */;
			productType = "com.apple.product-type.bundle.unit-test";
		};
		9EFD62F1209E6523005AEEE4 /* Motion2MovementUITests */ = {
			isa = PBXNativeTarget;
			buildConfigurationList = 9EFD6301209E6523005AEEE4 /* Build configuration list for PBXNativeTarget "Motion2MovementUITests" */;
			buildPhases = (
				152081FFFDD37F17A8E68965 /* [CP] Check Pods Manifest.lock */,
				9EFD62EE209E6523005AEEE4 /* Sources */,
				9EFD62EF209E6523005AEEE4 /* Frameworks */,
				9EFD62F0209E6523005AEEE4 /* Resources */,
				5CF3595FE9BFAC6DDDCEC210 /* [CP] Embed Pods Frameworks */,
			);
			buildRules = (
			);
			dependencies = (
				9EFD62F4209E6523005AEEE4 /* PBXTargetDependency */,
			);
			name = Motion2MovementUITests;
			productName = Motion2MovementUITests;
			productReference = 9EFD62F2209E6523005AEEE4 /* Motion2MovementUITests.xctest */;
			productType = "com.apple.product-type.bundle.ui-testing";
		};
/* End PBXNativeTarget section */

/* Begin PBXProject section */
		9EFD62CB209E6522005AEEE4 /* Project object */ = {
			isa = PBXProject;
			attributes = {
				LastSwiftUpdateCheck = 0930;
				LastUpgradeCheck = 0930;
				ORGANIZATIONNAME = "Victor Zhong";
				TargetAttributes = {
					9EFD62D2209E6522005AEEE4 = {
						CreatedOnToolsVersion = 9.3;
						LastSwiftMigration = 0940;
					};
					9EFD62E6209E6523005AEEE4 = {
						CreatedOnToolsVersion = 9.3;
						TestTargetID = 9EFD62D2209E6522005AEEE4;
					};
					9EFD62F1209E6523005AEEE4 = {
						CreatedOnToolsVersion = 9.3;
						TestTargetID = 9EFD62D2209E6522005AEEE4;
					};
				};
			};
			buildConfigurationList = 9EFD62CE209E6522005AEEE4 /* Build configuration list for PBXProject "Motion2Movement" */;
			compatibilityVersion = "Xcode 9.3";
			developmentRegion = en;
			hasScannedForEncodings = 0;
			knownRegions = (
				en,
				Base,
			);
			mainGroup = 9EFD62CA209E6522005AEEE4;
			productRefGroup = 9EFD62D4209E6522005AEEE4 /* Products */;
			projectDirPath = "";
			projectRoot = "";
			targets = (
				9EFD62D2209E6522005AEEE4 /* Motion2Movement */,
				9EFD62E6209E6523005AEEE4 /* Motion2MovementTests */,
				9EFD62F1209E6523005AEEE4 /* Motion2MovementUITests */,
			);
		};
/* End PBXProject section */

/* Begin PBXResourcesBuildPhase section */
		9EFD62D1209E6522005AEEE4 /* Resources */ = {
			isa = PBXResourcesBuildPhase;
			buildActionMask = 2147483647;
			files = (
				9E1B511320D1F8E50039D7E3 /* ExerciseGuideTableViewCell.xib in Resources */,
				9EFD62E1209E6523005AEEE4 /* LaunchScreen.storyboard in Resources */,
				9EFD62DE209E6523005AEEE4 /* Assets.xcassets in Resources */,
				9EFD62DC209E6522005AEEE4 /* Main.storyboard in Resources */,
			);
			runOnlyForDeploymentPostprocessing = 0;
		};
		9EFD62E5209E6523005AEEE4 /* Resources */ = {
			isa = PBXResourcesBuildPhase;
			buildActionMask = 2147483647;
			files = (
			);
			runOnlyForDeploymentPostprocessing = 0;
		};
		9EFD62F0209E6523005AEEE4 /* Resources */ = {
			isa = PBXResourcesBuildPhase;
			buildActionMask = 2147483647;
			files = (
			);
			runOnlyForDeploymentPostprocessing = 0;
		};
/* End PBXResourcesBuildPhase section */

/* Begin PBXShellScriptBuildPhase section */
		152081FFFDD37F17A8E68965 /* [CP] Check Pods Manifest.lock */ = {
			isa = PBXShellScriptBuildPhase;
			buildActionMask = 2147483647;
			files = (
			);
			inputPaths = (
				"${PODS_PODFILE_DIR_PATH}/Podfile.lock",
				"${PODS_ROOT}/Manifest.lock",
			);
			name = "[CP] Check Pods Manifest.lock";
			outputPaths = (
				"$(DERIVED_FILE_DIR)/Pods-Motion2MovementUITests-checkManifestLockResult.txt",
			);
			runOnlyForDeploymentPostprocessing = 0;
			shellPath = /bin/sh;
			shellScript = "diff \"${PODS_PODFILE_DIR_PATH}/Podfile.lock\" \"${PODS_ROOT}/Manifest.lock\" > /dev/null\nif [ $? != 0 ] ; then\n    # print error to STDERR\n    echo \"error: The sandbox is not in sync with the Podfile.lock. Run 'pod install' or update your CocoaPods installation.\" >&2\n    exit 1\nfi\n# This output is used by Xcode 'outputs' to avoid re-running this script phase.\necho \"SUCCESS\" > \"${SCRIPT_OUTPUT_FILE_0}\"\n";
			showEnvVarsInLog = 0;
		};
		4D37BEF14F02D946B44B6687 /* [CP] Embed Pods Frameworks */ = {
			isa = PBXShellScriptBuildPhase;
			buildActionMask = 2147483647;
			files = (
			);
			inputPaths = (
				"${SRCROOT}/Pods/Target Support Files/Pods-Motion2MovementTests/Pods-Motion2MovementTests-frameworks.sh",
				"${BUILT_PRODUCTS_DIR}/RxSwift/RxSwift.framework",
				"${BUILT_PRODUCTS_DIR}/Nimble/Nimble.framework",
				"${BUILT_PRODUCTS_DIR}/Quick/Quick.framework",
				"${BUILT_PRODUCTS_DIR}/RxBlocking/RxBlocking.framework",
				"${BUILT_PRODUCTS_DIR}/RxTest/RxTest.framework",
			);
			name = "[CP] Embed Pods Frameworks";
			outputPaths = (
				"${TARGET_BUILD_DIR}/${FRAMEWORKS_FOLDER_PATH}/RxSwift.framework",
				"${TARGET_BUILD_DIR}/${FRAMEWORKS_FOLDER_PATH}/Nimble.framework",
				"${TARGET_BUILD_DIR}/${FRAMEWORKS_FOLDER_PATH}/Quick.framework",
				"${TARGET_BUILD_DIR}/${FRAMEWORKS_FOLDER_PATH}/RxBlocking.framework",
				"${TARGET_BUILD_DIR}/${FRAMEWORKS_FOLDER_PATH}/RxTest.framework",
			);
			runOnlyForDeploymentPostprocessing = 0;
			shellPath = /bin/sh;
			shellScript = "\"${SRCROOT}/Pods/Target Support Files/Pods-Motion2MovementTests/Pods-Motion2MovementTests-frameworks.sh\"\n";
			showEnvVarsInLog = 0;
		};
		5CF3595FE9BFAC6DDDCEC210 /* [CP] Embed Pods Frameworks */ = {
			isa = PBXShellScriptBuildPhase;
			buildActionMask = 2147483647;
			files = (
			);
			inputPaths = (
				"${SRCROOT}/Pods/Target Support Files/Pods-Motion2MovementUITests/Pods-Motion2MovementUITests-frameworks.sh",
				"${BUILT_PRODUCTS_DIR}/Nimble/Nimble.framework",
				"${BUILT_PRODUCTS_DIR}/Quick/Quick.framework",
			);
			name = "[CP] Embed Pods Frameworks";
			outputPaths = (
				"${TARGET_BUILD_DIR}/${FRAMEWORKS_FOLDER_PATH}/Nimble.framework",
				"${TARGET_BUILD_DIR}/${FRAMEWORKS_FOLDER_PATH}/Quick.framework",
			);
			runOnlyForDeploymentPostprocessing = 0;
			shellPath = /bin/sh;
			shellScript = "\"${SRCROOT}/Pods/Target Support Files/Pods-Motion2MovementUITests/Pods-Motion2MovementUITests-frameworks.sh\"\n";
			showEnvVarsInLog = 0;
		};
		6C28465229C3023CA7B0DCE7 /* [CP] Check Pods Manifest.lock */ = {
			isa = PBXShellScriptBuildPhase;
			buildActionMask = 2147483647;
			files = (
			);
			inputPaths = (
				"${PODS_PODFILE_DIR_PATH}/Podfile.lock",
				"${PODS_ROOT}/Manifest.lock",
			);
			name = "[CP] Check Pods Manifest.lock";
			outputPaths = (
				"$(DERIVED_FILE_DIR)/Pods-Motion2MovementTests-checkManifestLockResult.txt",
			);
			runOnlyForDeploymentPostprocessing = 0;
			shellPath = /bin/sh;
			shellScript = "diff \"${PODS_PODFILE_DIR_PATH}/Podfile.lock\" \"${PODS_ROOT}/Manifest.lock\" > /dev/null\nif [ $? != 0 ] ; then\n    # print error to STDERR\n    echo \"error: The sandbox is not in sync with the Podfile.lock. Run 'pod install' or update your CocoaPods installation.\" >&2\n    exit 1\nfi\n# This output is used by Xcode 'outputs' to avoid re-running this script phase.\necho \"SUCCESS\" > \"${SCRIPT_OUTPUT_FILE_0}\"\n";
			showEnvVarsInLog = 0;
		};
		77B7EF1C0BA4961B7EE5E461 /* [CP] Embed Pods Frameworks */ = {
			isa = PBXShellScriptBuildPhase;
			buildActionMask = 2147483647;
			files = (
			);
			inputPaths = (
				"${SRCROOT}/Pods/Target Support Files/Pods-Motion2Movement/Pods-Motion2Movement-frameworks.sh",
				"${BUILT_PRODUCTS_DIR}/Action/Action.framework",
				"${BUILT_PRODUCTS_DIR}/Charts/Charts.framework",
				"${BUILT_PRODUCTS_DIR}/Eureka/Eureka.framework",
				"${BUILT_PRODUCTS_DIR}/FunkyNetwork/FunkyNetwork.framework",
				"${BUILT_PRODUCTS_DIR}/OHHTTPStubs/OHHTTPStubs.framework",
				"${BUILT_PRODUCTS_DIR}/Prelude/Prelude.framework",
				"${BUILT_PRODUCTS_DIR}/ReactiveSwift/ReactiveSwift.framework",
				"${BUILT_PRODUCTS_DIR}/ResearchKit/ResearchKit.framework",
				"${BUILT_PRODUCTS_DIR}/Result/Result.framework",
				"${BUILT_PRODUCTS_DIR}/RxCocoa/RxCocoa.framework",
				"${BUILT_PRODUCTS_DIR}/RxCodable/RxCodable.framework",
				"${BUILT_PRODUCTS_DIR}/RxSwift/RxSwift.framework",
				"${BUILT_PRODUCTS_DIR}/SQLite.swift/SQLite.framework",
			);
			name = "[CP] Embed Pods Frameworks";
			outputPaths = (
				"${TARGET_BUILD_DIR}/${FRAMEWORKS_FOLDER_PATH}/Action.framework",
				"${TARGET_BUILD_DIR}/${FRAMEWORKS_FOLDER_PATH}/Charts.framework",
				"${TARGET_BUILD_DIR}/${FRAMEWORKS_FOLDER_PATH}/Eureka.framework",
				"${TARGET_BUILD_DIR}/${FRAMEWORKS_FOLDER_PATH}/FunkyNetwork.framework",
				"${TARGET_BUILD_DIR}/${FRAMEWORKS_FOLDER_PATH}/OHHTTPStubs.framework",
				"${TARGET_BUILD_DIR}/${FRAMEWORKS_FOLDER_PATH}/Prelude.framework",
				"${TARGET_BUILD_DIR}/${FRAMEWORKS_FOLDER_PATH}/ReactiveSwift.framework",
				"${TARGET_BUILD_DIR}/${FRAMEWORKS_FOLDER_PATH}/ResearchKit.framework",
				"${TARGET_BUILD_DIR}/${FRAMEWORKS_FOLDER_PATH}/Result.framework",
				"${TARGET_BUILD_DIR}/${FRAMEWORKS_FOLDER_PATH}/RxCocoa.framework",
				"${TARGET_BUILD_DIR}/${FRAMEWORKS_FOLDER_PATH}/RxCodable.framework",
				"${TARGET_BUILD_DIR}/${FRAMEWORKS_FOLDER_PATH}/RxSwift.framework",
				"${TARGET_BUILD_DIR}/${FRAMEWORKS_FOLDER_PATH}/SQLite.framework",
			);
			runOnlyForDeploymentPostprocessing = 0;
			shellPath = /bin/sh;
			shellScript = "\"${SRCROOT}/Pods/Target Support Files/Pods-Motion2Movement/Pods-Motion2Movement-frameworks.sh\"\n";
			showEnvVarsInLog = 0;
		};
		AC018366CB30C5BBF78E329B /* [CP] Check Pods Manifest.lock */ = {
			isa = PBXShellScriptBuildPhase;
			buildActionMask = 2147483647;
			files = (
			);
			inputPaths = (
				"${PODS_PODFILE_DIR_PATH}/Podfile.lock",
				"${PODS_ROOT}/Manifest.lock",
			);
			name = "[CP] Check Pods Manifest.lock";
			outputPaths = (
				"$(DERIVED_FILE_DIR)/Pods-Motion2Movement-checkManifestLockResult.txt",
			);
			runOnlyForDeploymentPostprocessing = 0;
			shellPath = /bin/sh;
			shellScript = "diff \"${PODS_PODFILE_DIR_PATH}/Podfile.lock\" \"${PODS_ROOT}/Manifest.lock\" > /dev/null\nif [ $? != 0 ] ; then\n    # print error to STDERR\n    echo \"error: The sandbox is not in sync with the Podfile.lock. Run 'pod install' or update your CocoaPods installation.\" >&2\n    exit 1\nfi\n# This output is used by Xcode 'outputs' to avoid re-running this script phase.\necho \"SUCCESS\" > \"${SCRIPT_OUTPUT_FILE_0}\"\n";
			showEnvVarsInLog = 0;
		};
/* End PBXShellScriptBuildPhase section */

/* Begin PBXSourcesBuildPhase section */
		9EFD62CF209E6522005AEEE4 /* Sources */ = {
			isa = PBXSourcesBuildPhase;
			buildActionMask = 2147483647;
			files = (
				9EFD62D7209E6522005AEEE4 /* AppDelegate.swift in Sources */,
				9E1B511820D1FF050039D7E3 /* ViewModelProtocols.swift in Sources */,
				9EB51CD720CF149800271C69 /* SWRevealViewController.m in Sources */,
				9E1B510E20D1F8500039D7E3 /* ExerciseGuideTableViewController.swift in Sources */,
				9EB51CD920CF1BA400271C69 /* HomeViewController.swift in Sources */,
				9E1B511220D1F8E50039D7E3 /* ExerciseGuideTableViewCell.swift in Sources */,
				9E1B511520D1FEDC0039D7E3 /* ExerciseGuidePatientViewModel.swift in Sources */,
			);
			runOnlyForDeploymentPostprocessing = 0;
		};
		9EFD62E3209E6523005AEEE4 /* Sources */ = {
			isa = PBXSourcesBuildPhase;
			buildActionMask = 2147483647;
			files = (
				9EFD62EC209E6523005AEEE4 /* Motion2MovementTests.swift in Sources */,
			);
			runOnlyForDeploymentPostprocessing = 0;
		};
		9EFD62EE209E6523005AEEE4 /* Sources */ = {
			isa = PBXSourcesBuildPhase;
			buildActionMask = 2147483647;
			files = (
				9EFD62F7209E6523005AEEE4 /* Motion2MovementUITests.swift in Sources */,
			);
			runOnlyForDeploymentPostprocessing = 0;
		};
/* End PBXSourcesBuildPhase section */

/* Begin PBXTargetDependency section */
		9EFD62E9209E6523005AEEE4 /* PBXTargetDependency */ = {
			isa = PBXTargetDependency;
			target = 9EFD62D2209E6522005AEEE4 /* Motion2Movement */;
			targetProxy = 9EFD62E8209E6523005AEEE4 /* PBXContainerItemProxy */;
		};
		9EFD62F4209E6523005AEEE4 /* PBXTargetDependency */ = {
			isa = PBXTargetDependency;
			target = 9EFD62D2209E6522005AEEE4 /* Motion2Movement */;
			targetProxy = 9EFD62F3209E6523005AEEE4 /* PBXContainerItemProxy */;
		};
/* End PBXTargetDependency section */

/* Begin PBXVariantGroup section */
		9EFD62DA209E6522005AEEE4 /* Main.storyboard */ = {
			isa = PBXVariantGroup;
			children = (
				9EFD62DB209E6522005AEEE4 /* Base */,
			);
			name = Main.storyboard;
			sourceTree = "<group>";
		};
		9EFD62DF209E6523005AEEE4 /* LaunchScreen.storyboard */ = {
			isa = PBXVariantGroup;
			children = (
				9EFD62E0209E6523005AEEE4 /* Base */,
			);
			name = LaunchScreen.storyboard;
			sourceTree = "<group>";
		};
/* End PBXVariantGroup section */

/* Begin XCBuildConfiguration section */
		9EFD62F9209E6523005AEEE4 /* Debug */ = {
			isa = XCBuildConfiguration;
			buildSettings = {
				ALWAYS_SEARCH_USER_PATHS = NO;
				CLANG_ANALYZER_NONNULL = YES;
				CLANG_ANALYZER_NUMBER_OBJECT_CONVERSION = YES_AGGRESSIVE;
				CLANG_CXX_LANGUAGE_STANDARD = "gnu++14";
				CLANG_CXX_LIBRARY = "libc++";
				CLANG_ENABLE_MODULES = YES;
				CLANG_ENABLE_OBJC_ARC = YES;
				CLANG_ENABLE_OBJC_WEAK = YES;
				CLANG_WARN_BLOCK_CAPTURE_AUTORELEASING = YES;
				CLANG_WARN_BOOL_CONVERSION = YES;
				CLANG_WARN_COMMA = YES;
				CLANG_WARN_CONSTANT_CONVERSION = YES;
				CLANG_WARN_DEPRECATED_OBJC_IMPLEMENTATIONS = YES;
				CLANG_WARN_DIRECT_OBJC_ISA_USAGE = YES_ERROR;
				CLANG_WARN_DOCUMENTATION_COMMENTS = YES;
				CLANG_WARN_EMPTY_BODY = YES;
				CLANG_WARN_ENUM_CONVERSION = YES;
				CLANG_WARN_INFINITE_RECURSION = YES;
				CLANG_WARN_INT_CONVERSION = YES;
				CLANG_WARN_NON_LITERAL_NULL_CONVERSION = YES;
				CLANG_WARN_OBJC_IMPLICIT_RETAIN_SELF = YES;
				CLANG_WARN_OBJC_LITERAL_CONVERSION = YES;
				CLANG_WARN_OBJC_ROOT_CLASS = YES_ERROR;
				CLANG_WARN_RANGE_LOOP_ANALYSIS = YES;
				CLANG_WARN_STRICT_PROTOTYPES = YES;
				CLANG_WARN_SUSPICIOUS_MOVE = YES;
				CLANG_WARN_UNGUARDED_AVAILABILITY = YES_AGGRESSIVE;
				CLANG_WARN_UNREACHABLE_CODE = YES;
				CLANG_WARN__DUPLICATE_METHOD_MATCH = YES;
				CODE_SIGN_IDENTITY = "iPhone Developer";
				COPY_PHASE_STRIP = NO;
				DEBUG_INFORMATION_FORMAT = dwarf;
				ENABLE_STRICT_OBJC_MSGSEND = YES;
				ENABLE_TESTABILITY = YES;
				GCC_C_LANGUAGE_STANDARD = gnu11;
				GCC_DYNAMIC_NO_PIC = NO;
				GCC_NO_COMMON_BLOCKS = YES;
				GCC_OPTIMIZATION_LEVEL = 0;
				GCC_PREPROCESSOR_DEFINITIONS = (
					"DEBUG=1",
					"$(inherited)",
				);
				GCC_WARN_64_TO_32_BIT_CONVERSION = YES;
				GCC_WARN_ABOUT_RETURN_TYPE = YES_ERROR;
				GCC_WARN_UNDECLARED_SELECTOR = YES;
				GCC_WARN_UNINITIALIZED_AUTOS = YES_AGGRESSIVE;
				GCC_WARN_UNUSED_FUNCTION = YES;
				GCC_WARN_UNUSED_VARIABLE = YES;
				IPHONEOS_DEPLOYMENT_TARGET = 11.3;
				MTL_ENABLE_DEBUG_INFO = YES;
				ONLY_ACTIVE_ARCH = YES;
				SDKROOT = iphoneos;
				SWIFT_ACTIVE_COMPILATION_CONDITIONS = DEBUG;
				SWIFT_OPTIMIZATION_LEVEL = "-Onone";
			};
			name = Debug;
		};
		9EFD62FA209E6523005AEEE4 /* Release */ = {
			isa = XCBuildConfiguration;
			buildSettings = {
				ALWAYS_SEARCH_USER_PATHS = NO;
				CLANG_ANALYZER_NONNULL = YES;
				CLANG_ANALYZER_NUMBER_OBJECT_CONVERSION = YES_AGGRESSIVE;
				CLANG_CXX_LANGUAGE_STANDARD = "gnu++14";
				CLANG_CXX_LIBRARY = "libc++";
				CLANG_ENABLE_MODULES = YES;
				CLANG_ENABLE_OBJC_ARC = YES;
				CLANG_ENABLE_OBJC_WEAK = YES;
				CLANG_WARN_BLOCK_CAPTURE_AUTORELEASING = YES;
				CLANG_WARN_BOOL_CONVERSION = YES;
				CLANG_WARN_COMMA = YES;
				CLANG_WARN_CONSTANT_CONVERSION = YES;
				CLANG_WARN_DEPRECATED_OBJC_IMPLEMENTATIONS = YES;
				CLANG_WARN_DIRECT_OBJC_ISA_USAGE = YES_ERROR;
				CLANG_WARN_DOCUMENTATION_COMMENTS = YES;
				CLANG_WARN_EMPTY_BODY = YES;
				CLANG_WARN_ENUM_CONVERSION = YES;
				CLANG_WARN_INFINITE_RECURSION = YES;
				CLANG_WARN_INT_CONVERSION = YES;
				CLANG_WARN_NON_LITERAL_NULL_CONVERSION = YES;
				CLANG_WARN_OBJC_IMPLICIT_RETAIN_SELF = YES;
				CLANG_WARN_OBJC_LITERAL_CONVERSION = YES;
				CLANG_WARN_OBJC_ROOT_CLASS = YES_ERROR;
				CLANG_WARN_RANGE_LOOP_ANALYSIS = YES;
				CLANG_WARN_STRICT_PROTOTYPES = YES;
				CLANG_WARN_SUSPICIOUS_MOVE = YES;
				CLANG_WARN_UNGUARDED_AVAILABILITY = YES_AGGRESSIVE;
				CLANG_WARN_UNREACHABLE_CODE = YES;
				CLANG_WARN__DUPLICATE_METHOD_MATCH = YES;
				CODE_SIGN_IDENTITY = "iPhone Developer";
				COPY_PHASE_STRIP = NO;
				DEBUG_INFORMATION_FORMAT = "dwarf-with-dsym";
				ENABLE_NS_ASSERTIONS = NO;
				ENABLE_STRICT_OBJC_MSGSEND = YES;
				GCC_C_LANGUAGE_STANDARD = gnu11;
				GCC_NO_COMMON_BLOCKS = YES;
				GCC_WARN_64_TO_32_BIT_CONVERSION = YES;
				GCC_WARN_ABOUT_RETURN_TYPE = YES_ERROR;
				GCC_WARN_UNDECLARED_SELECTOR = YES;
				GCC_WARN_UNINITIALIZED_AUTOS = YES_AGGRESSIVE;
				GCC_WARN_UNUSED_FUNCTION = YES;
				GCC_WARN_UNUSED_VARIABLE = YES;
				IPHONEOS_DEPLOYMENT_TARGET = 11.3;
				MTL_ENABLE_DEBUG_INFO = NO;
				SDKROOT = iphoneos;
				SWIFT_COMPILATION_MODE = wholemodule;
				SWIFT_OPTIMIZATION_LEVEL = "-O";
				VALIDATE_PRODUCT = YES;
			};
			name = Release;
		};
		9EFD62FC209E6523005AEEE4 /* Debug */ = {
			isa = XCBuildConfiguration;
			baseConfigurationReference = 5BB48E3443D35DEA6A67894B /* Pods-Motion2Movement.debug.xcconfig */;
			buildSettings = {
				ASSETCATALOG_COMPILER_APPICON_NAME = AppIcon;
				CLANG_ENABLE_MODULES = YES;
				CODE_SIGN_STYLE = Automatic;
				DEVELOPMENT_TEAM = RKDEZ4QK32;
				INFOPLIST_FILE = "$(SRCROOT)/Motion2Movement/Supporting Files/Info.plist";
				LD_RUNPATH_SEARCH_PATHS = (
					"$(inherited)",
					"@executable_path/Frameworks",
				);
				PRODUCT_BUNDLE_IDENTIFIER = com.viczhong.Motion2Movement;
				PRODUCT_NAME = "$(TARGET_NAME)";
				SWIFT_OBJC_BRIDGING_HEADER = "Motion2Movement/SWRevealViewController/Motion2Movement-Bridging-Header.h";
				SWIFT_OPTIMIZATION_LEVEL = "-Onone";
				SWIFT_VERSION = 4.0;
				TARGETED_DEVICE_FAMILY = "1,2";
			};
			name = Debug;
		};
		9EFD62FD209E6523005AEEE4 /* Release */ = {
			isa = XCBuildConfiguration;
			baseConfigurationReference = 66F7D83D1E0BB288BD1A94A9 /* Pods-Motion2Movement.release.xcconfig */;
			buildSettings = {
				ASSETCATALOG_COMPILER_APPICON_NAME = AppIcon;
				CLANG_ENABLE_MODULES = YES;
				CODE_SIGN_STYLE = Automatic;
				DEVELOPMENT_TEAM = RKDEZ4QK32;
				INFOPLIST_FILE = "$(SRCROOT)/Motion2Movement/Supporting Files/Info.plist";
				LD_RUNPATH_SEARCH_PATHS = (
					"$(inherited)",
					"@executable_path/Frameworks",
				);
				PRODUCT_BUNDLE_IDENTIFIER = com.viczhong.Motion2Movement;
				PRODUCT_NAME = "$(TARGET_NAME)";
				SWIFT_OBJC_BRIDGING_HEADER = "Motion2Movement/SWRevealViewController/Motion2Movement-Bridging-Header.h";
				SWIFT_VERSION = 4.0;
				TARGETED_DEVICE_FAMILY = "1,2";
			};
			name = Release;
		};
		9EFD62FF209E6523005AEEE4 /* Debug */ = {
			isa = XCBuildConfiguration;
			baseConfigurationReference = 61A4597A04361864B79930AD /* Pods-Motion2MovementTests.debug.xcconfig */;
			buildSettings = {
				ALWAYS_EMBED_SWIFT_STANDARD_LIBRARIES = YES;
				BUNDLE_LOADER = "$(TEST_HOST)";
				CODE_SIGN_STYLE = Automatic;
				DEVELOPMENT_TEAM = RKDEZ4QK32;
				INFOPLIST_FILE = Motion2MovementTests/Info.plist;
				LD_RUNPATH_SEARCH_PATHS = (
					"$(inherited)",
					"@executable_path/Frameworks",
					"@loader_path/Frameworks",
				);
				PRODUCT_BUNDLE_IDENTIFIER = com.viczhong.Motion2MovementTests;
				PRODUCT_NAME = "$(TARGET_NAME)";
				SWIFT_VERSION = 4.0;
				TARGETED_DEVICE_FAMILY = "1,2";
				TEST_HOST = "$(BUILT_PRODUCTS_DIR)/Motion2Movement.app/Motion2Movement";
			};
			name = Debug;
		};
		9EFD6300209E6523005AEEE4 /* Release */ = {
			isa = XCBuildConfiguration;
			baseConfigurationReference = 1D285C836D9F6EA89385CB56 /* Pods-Motion2MovementTests.release.xcconfig */;
			buildSettings = {
				ALWAYS_EMBED_SWIFT_STANDARD_LIBRARIES = YES;
				BUNDLE_LOADER = "$(TEST_HOST)";
				CODE_SIGN_STYLE = Automatic;
				DEVELOPMENT_TEAM = RKDEZ4QK32;
				INFOPLIST_FILE = Motion2MovementTests/Info.plist;
				LD_RUNPATH_SEARCH_PATHS = (
					"$(inherited)",
					"@executable_path/Frameworks",
					"@loader_path/Frameworks",
				);
				PRODUCT_BUNDLE_IDENTIFIER = com.viczhong.Motion2MovementTests;
				PRODUCT_NAME = "$(TARGET_NAME)";
				SWIFT_VERSION = 4.0;
				TARGETED_DEVICE_FAMILY = "1,2";
				TEST_HOST = "$(BUILT_PRODUCTS_DIR)/Motion2Movement.app/Motion2Movement";
			};
			name = Release;
		};
		9EFD6302209E6523005AEEE4 /* Debug */ = {
			isa = XCBuildConfiguration;
			baseConfigurationReference = 982F5803DE91CAEFB3ECE770 /* Pods-Motion2MovementUITests.debug.xcconfig */;
			buildSettings = {
				ALWAYS_EMBED_SWIFT_STANDARD_LIBRARIES = YES;
				CODE_SIGN_STYLE = Automatic;
				DEVELOPMENT_TEAM = RKDEZ4QK32;
				INFOPLIST_FILE = Motion2MovementUITests/Info.plist;
				LD_RUNPATH_SEARCH_PATHS = (
					"$(inherited)",
					"@executable_path/Frameworks",
					"@loader_path/Frameworks",
				);
				PRODUCT_BUNDLE_IDENTIFIER = com.viczhong.Motion2MovementUITests;
				PRODUCT_NAME = "$(TARGET_NAME)";
				SWIFT_VERSION = 4.0;
				TARGETED_DEVICE_FAMILY = "1,2";
				TEST_TARGET_NAME = Motion2Movement;
			};
			name = Debug;
		};
		9EFD6303209E6523005AEEE4 /* Release */ = {
			isa = XCBuildConfiguration;
			baseConfigurationReference = 13F7EBFB938B524CCB4F131A /* Pods-Motion2MovementUITests.release.xcconfig */;
			buildSettings = {
				ALWAYS_EMBED_SWIFT_STANDARD_LIBRARIES = YES;
				CODE_SIGN_STYLE = Automatic;
				DEVELOPMENT_TEAM = RKDEZ4QK32;
				INFOPLIST_FILE = Motion2MovementUITests/Info.plist;
				LD_RUNPATH_SEARCH_PATHS = (
					"$(inherited)",
					"@executable_path/Frameworks",
					"@loader_path/Frameworks",
				);
				PRODUCT_BUNDLE_IDENTIFIER = com.viczhong.Motion2MovementUITests;
				PRODUCT_NAME = "$(TARGET_NAME)";
				SWIFT_VERSION = 4.0;
				TARGETED_DEVICE_FAMILY = "1,2";
				TEST_TARGET_NAME = Motion2Movement;
			};
			name = Release;
		};
/* End XCBuildConfiguration section */

/* Begin XCConfigurationList section */
		9EFD62CE209E6522005AEEE4 /* Build configuration list for PBXProject "Motion2Movement" */ = {
			isa = XCConfigurationList;
			buildConfigurations = (
				9EFD62F9209E6523005AEEE4 /* Debug */,
				9EFD62FA209E6523005AEEE4 /* Release */,
			);
			defaultConfigurationIsVisible = 0;
			defaultConfigurationName = Release;
		};
		9EFD62FB209E6523005AEEE4 /* Build configuration list for PBXNativeTarget "Motion2Movement" */ = {
			isa = XCConfigurationList;
			buildConfigurations = (
				9EFD62FC209E6523005AEEE4 /* Debug */,
				9EFD62FD209E6523005AEEE4 /* Release */,
			);
			defaultConfigurationIsVisible = 0;
			defaultConfigurationName = Release;
		};
		9EFD62FE209E6523005AEEE4 /* Build configuration list for PBXNativeTarget "Motion2MovementTests" */ = {
			isa = XCConfigurationList;
			buildConfigurations = (
				9EFD62FF209E6523005AEEE4 /* Debug */,
				9EFD6300209E6523005AEEE4 /* Release */,
			);
			defaultConfigurationIsVisible = 0;
			defaultConfigurationName = Release;
		};
		9EFD6301209E6523005AEEE4 /* Build configuration list for PBXNativeTarget "Motion2MovementUITests" */ = {
			isa = XCConfigurationList;
			buildConfigurations = (
				9EFD6302209E6523005AEEE4 /* Debug */,
				9EFD6303209E6523005AEEE4 /* Release */,
			);
			defaultConfigurationIsVisible = 0;
			defaultConfigurationName = Release;
		};
/* End XCConfigurationList section */
	};
	rootObject = 9EFD62CB209E6522005AEEE4 /* Project object */;
}
